
Microsoft Visual Studio Solution File, Format Version 12.00
# Visual Studio Version 17
VisualStudioVersion = 17.4.33213.308
MinimumVisualStudioVersion = 10.0.40219.1
Project("{9A19103F-16F7-4668-BE54-9A1E7A4F7556}") = "QuantConnect.Lean.Engine", "..\Lean\Engine\QuantConnect.Lean.Engine.csproj", "{12156F46-D07E-4E3D-AD2B-7409E82AB62F}"
EndProject
Project("{9A19103F-16F7-4668-BE54-9A1E7A4F7556}") = "Launcher", "Launcher\Launcher.csproj", "{DD38AE58-FCC5-40A2-A673-D257FCA2B98B}"
EndProject
Project("{9A19103F-16F7-4668-BE54-9A1E7A4F7556}") = "Util", "Util\Util.csproj", "{89DB2576-F022-49CA-AAE0-17FD75B7B66B}"
EndProject
Project("{9A19103F-16F7-4668-BE54-9A1E7A4F7556}") = "Instance", "Instance\Instance.csproj", "{782BC84B-E05F-467E-BFE6-F38BFC77F139}"
EndProject
Project("{9A19103F-16F7-4668-BE54-9A1E7A4F7556}") = "QuantConnect.BatchLauncherJobQueue", "QuantConnect.BatchLauncherJobQueue\QuantConnect.BatchLauncherJobQueue.csproj", "{E3DE28F7-C104-4343-8313-9FF8D27AB62E}"
EndProject
Project("{9A19103F-16F7-4668-BE54-9A1E7A4F7556}") = "QuantConnect.Lean.Launcher", "..\Lean\Launcher\QuantConnect.Lean.Launcher.csproj", "{A3A4DC4F-50E3-418E-850A-679382F4180C}"
EndProject
Project("{9A19103F-16F7-4668-BE54-9A1E7A4F7556}") = "QuantConnect.Logging", "..\Lean\Logging\QuantConnect.Logging.csproj", "{9F5CEB2F-E17B-4F9F-BEAB-64924DC6A8A2}"
EndProject
Project("{9A19103F-16F7-4668-BE54-9A1E7A4F7556}") = "QuantConnect", "..\Lean\Common\QuantConnect.csproj", "{E3FB45C3-DF2A-4340-9499-1B9E5DC738B5}"
EndProject
Project("{9A19103F-16F7-4668-BE54-9A1E7A4F7556}") = "QuantConnect.Messaging", "..\Lean\Messaging\QuantConnect.Messaging.csproj", "{F8834B51-05E3-4441-BBAC-E3658F79CDC9}"
EndProject
Project("{9A19103F-16F7-4668-BE54-9A1E7A4F7556}") = "QuantConnect.AlgorithmFactory", "..\Lean\AlgorithmFactory\QuantConnect.AlgorithmFactory.csproj", "{968D2E87-D438-4632-A5E8-DCE2AEEEC5D9}"
EndProject
Project("{9A19103F-16F7-4668-BE54-9A1E7A4F7556}") = "ProcCtrlC", "ProcCtrlC\ProcCtrlC.csproj", "{51B8FFB5-B17D-43AC-B5E5-79151A40D062}"
EndProject
Project("{9A19103F-16F7-4668-BE54-9A1E7A4F7556}") = "Params_Algo3FastBackTest", "Params_Algo3FastBackTest\Params_Algo3FastBackTest.csproj", "{154D920A-C8D6-4EE9-A023-C6C9A3C79BE6}"
EndProject
Project("{FAE04EC0-301F-11D3-BF4B-00C04F79EFBC}") = "Parameters", "Parameters\Parameters.csproj", "{17FED382-8B56-42D6-A970-8826BC4E9EEA}"
EndProject
Global
	GlobalSection(SolutionConfigurationPlatforms) = preSolution
		AlgorithmAndFHBrokerOnly|Any CPU = AlgorithmAndFHBrokerOnly|Any CPU
		AlgorithmAndFHBrokerOnly|x64 = AlgorithmAndFHBrokerOnly|x64
		AlgorithmAndFHBrokerOnly|x86 = AlgorithmAndFHBrokerOnly|x86
		Backtesting_Parallel|Any CPU = Backtesting_Parallel|Any CPU
		Backtesting_Parallel|x64 = Backtesting_Parallel|x64
		Backtesting_Parallel|x86 = Backtesting_Parallel|x86
		Debug|Any CPU = Debug|Any CPU
		Debug|x64 = Debug|x64
		Debug|x86 = Debug|x86
		Mono|Any CPU = Mono|Any CPU
		Mono|x64 = Mono|x64
		Mono|x86 = Mono|x86
		Release|Any CPU = Release|Any CPU
		Release|x64 = Release|x64
		Release|x86 = Release|x86
	EndGlobalSection
	GlobalSection(ProjectConfigurationPlatforms) = postSolution
		{12156F46-D07E-4E3D-AD2B-7409E82AB62F}.AlgorithmAndFHBrokerOnly|Any CPU.ActiveCfg = AlgorithmAndFHBrokerOnly|Any CPU
		{12156F46-D07E-4E3D-AD2B-7409E82AB62F}.AlgorithmAndFHBrokerOnly|Any CPU.Build.0 = AlgorithmAndFHBrokerOnly|Any CPU
		{12156F46-D07E-4E3D-AD2B-7409E82AB62F}.AlgorithmAndFHBrokerOnly|x64.ActiveCfg = AlgorithmAndFHBrokerOnly|x64
		{12156F46-D07E-4E3D-AD2B-7409E82AB62F}.AlgorithmAndFHBrokerOnly|x64.Build.0 = AlgorithmAndFHBrokerOnly|x64
		{12156F46-D07E-4E3D-AD2B-7409E82AB62F}.AlgorithmAndFHBrokerOnly|x86.ActiveCfg = AlgorithmAndFHBrokerOnly|x86
		{12156F46-D07E-4E3D-AD2B-7409E82AB62F}.AlgorithmAndFHBrokerOnly|x86.Build.0 = AlgorithmAndFHBrokerOnly|x86
		{12156F46-D07E-4E3D-AD2B-7409E82AB62F}.Backtesting_Parallel|Any CPU.ActiveCfg = Release|Any CPU
		{12156F46-D07E-4E3D-AD2B-7409E82AB62F}.Backtesting_Parallel|Any CPU.Build.0 = Release|Any CPU
		{12156F46-D07E-4E3D-AD2B-7409E82AB62F}.Backtesting_Parallel|x64.ActiveCfg = Release|x64
		{12156F46-D07E-4E3D-AD2B-7409E82AB62F}.Backtesting_Parallel|x64.Build.0 = Release|x64
		{12156F46-D07E-4E3D-AD2B-7409E82AB62F}.Backtesting_Parallel|x86.ActiveCfg = Release|x86
		{12156F46-D07E-4E3D-AD2B-7409E82AB62F}.Backtesting_Parallel|x86.Build.0 = Release|x86
		{12156F46-D07E-4E3D-AD2B-7409E82AB62F}.Debug|Any CPU.ActiveCfg = Debug|Any CPU
		{12156F46-D07E-4E3D-AD2B-7409E82AB62F}.Debug|Any CPU.Build.0 = Debug|Any CPU
		{12156F46-D07E-4E3D-AD2B-7409E82AB62F}.Debug|x64.ActiveCfg = Debug|x64
		{12156F46-D07E-4E3D-AD2B-7409E82AB62F}.Debug|x64.Build.0 = Debug|x64
		{12156F46-D07E-4E3D-AD2B-7409E82AB62F}.Debug|x86.ActiveCfg = Debug|x86
		{12156F46-D07E-4E3D-AD2B-7409E82AB62F}.Debug|x86.Build.0 = Debug|x86
		{12156F46-D07E-4E3D-AD2B-7409E82AB62F}.Mono|Any CPU.ActiveCfg = Debug|Any CPU
		{12156F46-D07E-4E3D-AD2B-7409E82AB62F}.Mono|Any CPU.Build.0 = Debug|Any CPU
		{12156F46-D07E-4E3D-AD2B-7409E82AB62F}.Mono|x64.ActiveCfg = Debug|x64
		{12156F46-D07E-4E3D-AD2B-7409E82AB62F}.Mono|x64.Build.0 = Debug|x64
		{12156F46-D07E-4E3D-AD2B-7409E82AB62F}.Mono|x86.ActiveCfg = Debug|x86
		{12156F46-D07E-4E3D-AD2B-7409E82AB62F}.Mono|x86.Build.0 = Debug|x86
		{12156F46-D07E-4E3D-AD2B-7409E82AB62F}.Release|Any CPU.ActiveCfg = Release|Any CPU
		{12156F46-D07E-4E3D-AD2B-7409E82AB62F}.Release|Any CPU.Build.0 = Release|Any CPU
		{12156F46-D07E-4E3D-AD2B-7409E82AB62F}.Release|x64.ActiveCfg = Release|x64
		{12156F46-D07E-4E3D-AD2B-7409E82AB62F}.Release|x64.Build.0 = Release|x64
		{12156F46-D07E-4E3D-AD2B-7409E82AB62F}.Release|x86.ActiveCfg = Release|x86
		{12156F46-D07E-4E3D-AD2B-7409E82AB62F}.Release|x86.Build.0 = Release|x86
		{DD38AE58-FCC5-40A2-A673-D257FCA2B98B}.AlgorithmAndFHBrokerOnly|Any CPU.ActiveCfg = Debug|Any CPU
		{DD38AE58-FCC5-40A2-A673-D257FCA2B98B}.AlgorithmAndFHBrokerOnly|Any CPU.Build.0 = Debug|Any CPU
		{DD38AE58-FCC5-40A2-A673-D257FCA2B98B}.AlgorithmAndFHBrokerOnly|x64.ActiveCfg = Debug|Any CPU
		{DD38AE58-FCC5-40A2-A673-D257FCA2B98B}.AlgorithmAndFHBrokerOnly|x64.Build.0 = Debug|Any CPU
		{DD38AE58-FCC5-40A2-A673-D257FCA2B98B}.AlgorithmAndFHBrokerOnly|x86.ActiveCfg = Debug|Any CPU
		{DD38AE58-FCC5-40A2-A673-D257FCA2B98B}.AlgorithmAndFHBrokerOnly|x86.Build.0 = Debug|Any CPU
		{DD38AE58-FCC5-40A2-A673-D257FCA2B98B}.Backtesting_Parallel|Any CPU.ActiveCfg = Release|Any CPU
		{DD38AE58-FCC5-40A2-A673-D257FCA2B98B}.Backtesting_Parallel|Any CPU.Build.0 = Release|Any CPU
		{DD38AE58-FCC5-40A2-A673-D257FCA2B98B}.Backtesting_Parallel|x64.ActiveCfg = Release|Any CPU
		{DD38AE58-FCC5-40A2-A673-D257FCA2B98B}.Backtesting_Parallel|x64.Build.0 = Release|Any CPU
		{DD38AE58-FCC5-40A2-A673-D257FCA2B98B}.Backtesting_Parallel|x86.ActiveCfg = Release|Any CPU
		{DD38AE58-FCC5-40A2-A673-D257FCA2B98B}.Backtesting_Parallel|x86.Build.0 = Release|Any CPU
		{DD38AE58-FCC5-40A2-A673-D257FCA2B98B}.Debug|Any CPU.ActiveCfg = Debug|Any CPU
		{DD38AE58-FCC5-40A2-A673-D257FCA2B98B}.Debug|Any CPU.Build.0 = Debug|Any CPU
		{DD38AE58-FCC5-40A2-A673-D257FCA2B98B}.Debug|x64.ActiveCfg = Debug|Any CPU
		{DD38AE58-FCC5-40A2-A673-D257FCA2B98B}.Debug|x64.Build.0 = Debug|Any CPU
		{DD38AE58-FCC5-40A2-A673-D257FCA2B98B}.Debug|x86.ActiveCfg = Debug|Any CPU
		{DD38AE58-FCC5-40A2-A673-D257FCA2B98B}.Debug|x86.Build.0 = Debug|Any CPU
		{DD38AE58-FCC5-40A2-A673-D257FCA2B98B}.Mono|Any CPU.ActiveCfg = Debug|Any CPU
		{DD38AE58-FCC5-40A2-A673-D257FCA2B98B}.Mono|Any CPU.Build.0 = Debug|Any CPU
		{DD38AE58-FCC5-40A2-A673-D257FCA2B98B}.Mono|x64.ActiveCfg = Debug|Any CPU
		{DD38AE58-FCC5-40A2-A673-D257FCA2B98B}.Mono|x64.Build.0 = Debug|Any CPU
		{DD38AE58-FCC5-40A2-A673-D257FCA2B98B}.Mono|x86.ActiveCfg = Debug|Any CPU
		{DD38AE58-FCC5-40A2-A673-D257FCA2B98B}.Mono|x86.Build.0 = Debug|Any CPU
		{DD38AE58-FCC5-40A2-A673-D257FCA2B98B}.Release|Any CPU.ActiveCfg = Release|Any CPU
		{DD38AE58-FCC5-40A2-A673-D257FCA2B98B}.Release|Any CPU.Build.0 = Release|Any CPU
		{DD38AE58-FCC5-40A2-A673-D257FCA2B98B}.Release|x64.ActiveCfg = Release|Any CPU
		{DD38AE58-FCC5-40A2-A673-D257FCA2B98B}.Release|x64.Build.0 = Release|Any CPU
		{DD38AE58-FCC5-40A2-A673-D257FCA2B98B}.Release|x86.ActiveCfg = Release|Any CPU
		{DD38AE58-FCC5-40A2-A673-D257FCA2B98B}.Release|x86.Build.0 = Release|Any CPU
		{89DB2576-F022-49CA-AAE0-17FD75B7B66B}.AlgorithmAndFHBrokerOnly|Any CPU.ActiveCfg = Debug|Any CPU
		{89DB2576-F022-49CA-AAE0-17FD75B7B66B}.AlgorithmAndFHBrokerOnly|Any CPU.Build.0 = Debug|Any CPU
		{89DB2576-F022-49CA-AAE0-17FD75B7B66B}.AlgorithmAndFHBrokerOnly|x64.ActiveCfg = Debug|Any CPU
		{89DB2576-F022-49CA-AAE0-17FD75B7B66B}.AlgorithmAndFHBrokerOnly|x64.Build.0 = Debug|Any CPU
		{89DB2576-F022-49CA-AAE0-17FD75B7B66B}.AlgorithmAndFHBrokerOnly|x86.ActiveCfg = Debug|Any CPU
		{89DB2576-F022-49CA-AAE0-17FD75B7B66B}.AlgorithmAndFHBrokerOnly|x86.Build.0 = Debug|Any CPU
		{89DB2576-F022-49CA-AAE0-17FD75B7B66B}.Backtesting_Parallel|Any CPU.ActiveCfg = Release|Any CPU
		{89DB2576-F022-49CA-AAE0-17FD75B7B66B}.Backtesting_Parallel|Any CPU.Build.0 = Release|Any CPU
		{89DB2576-F022-49CA-AAE0-17FD75B7B66B}.Backtesting_Parallel|x64.ActiveCfg = Release|Any CPU
		{89DB2576-F022-49CA-AAE0-17FD75B7B66B}.Backtesting_Parallel|x64.Build.0 = Release|Any CPU
		{89DB2576-F022-49CA-AAE0-17FD75B7B66B}.Backtesting_Parallel|x86.ActiveCfg = Release|Any CPU
		{89DB2576-F022-49CA-AAE0-17FD75B7B66B}.Backtesting_Parallel|x86.Build.0 = Release|Any CPU
		{89DB2576-F022-49CA-AAE0-17FD75B7B66B}.Debug|Any CPU.ActiveCfg = Debug|Any CPU
		{89DB2576-F022-49CA-AAE0-17FD75B7B66B}.Debug|Any CPU.Build.0 = Debug|Any CPU
		{89DB2576-F022-49CA-AAE0-17FD75B7B66B}.Debug|x64.ActiveCfg = Debug|Any CPU
		{89DB2576-F022-49CA-AAE0-17FD75B7B66B}.Debug|x64.Build.0 = Debug|Any CPU
		{89DB2576-F022-49CA-AAE0-17FD75B7B66B}.Debug|x86.ActiveCfg = Debug|Any CPU
		{89DB2576-F022-49CA-AAE0-17FD75B7B66B}.Debug|x86.Build.0 = Debug|Any CPU
		{89DB2576-F022-49CA-AAE0-17FD75B7B66B}.Mono|Any CPU.ActiveCfg = Debug|Any CPU
		{89DB2576-F022-49CA-AAE0-17FD75B7B66B}.Mono|Any CPU.Build.0 = Debug|Any CPU
		{89DB2576-F022-49CA-AAE0-17FD75B7B66B}.Mono|x64.ActiveCfg = Debug|Any CPU
		{89DB2576-F022-49CA-AAE0-17FD75B7B66B}.Mono|x64.Build.0 = Debug|Any CPU
		{89DB2576-F022-49CA-AAE0-17FD75B7B66B}.Mono|x86.ActiveCfg = Debug|Any CPU
		{89DB2576-F022-49CA-AAE0-17FD75B7B66B}.Mono|x86.Build.0 = Debug|Any CPU
		{89DB2576-F022-49CA-AAE0-17FD75B7B66B}.Release|Any CPU.ActiveCfg = Release|Any CPU
		{89DB2576-F022-49CA-AAE0-17FD75B7B66B}.Release|Any CPU.Build.0 = Release|Any CPU
		{89DB2576-F022-49CA-AAE0-17FD75B7B66B}.Release|x64.ActiveCfg = Release|Any CPU
		{89DB2576-F022-49CA-AAE0-17FD75B7B66B}.Release|x64.Build.0 = Release|Any CPU
		{89DB2576-F022-49CA-AAE0-17FD75B7B66B}.Release|x86.ActiveCfg = Release|Any CPU
		{89DB2576-F022-49CA-AAE0-17FD75B7B66B}.Release|x86.Build.0 = Release|Any CPU
		{782BC84B-E05F-467E-BFE6-F38BFC77F139}.AlgorithmAndFHBrokerOnly|Any CPU.ActiveCfg = Debug|Any CPU
		{782BC84B-E05F-467E-BFE6-F38BFC77F139}.AlgorithmAndFHBrokerOnly|Any CPU.Build.0 = Debug|Any CPU
		{782BC84B-E05F-467E-BFE6-F38BFC77F139}.AlgorithmAndFHBrokerOnly|x64.ActiveCfg = Debug|Any CPU
		{782BC84B-E05F-467E-BFE6-F38BFC77F139}.AlgorithmAndFHBrokerOnly|x64.Build.0 = Debug|Any CPU
		{782BC84B-E05F-467E-BFE6-F38BFC77F139}.AlgorithmAndFHBrokerOnly|x86.ActiveCfg = Debug|Any CPU
		{782BC84B-E05F-467E-BFE6-F38BFC77F139}.AlgorithmAndFHBrokerOnly|x86.Build.0 = Debug|Any CPU
		{782BC84B-E05F-467E-BFE6-F38BFC77F139}.Backtesting_Parallel|Any CPU.ActiveCfg = Release|Any CPU
		{782BC84B-E05F-467E-BFE6-F38BFC77F139}.Backtesting_Parallel|Any CPU.Build.0 = Release|Any CPU
		{782BC84B-E05F-467E-BFE6-F38BFC77F139}.Backtesting_Parallel|x64.ActiveCfg = Release|Any CPU
		{782BC84B-E05F-467E-BFE6-F38BFC77F139}.Backtesting_Parallel|x64.Build.0 = Release|Any CPU
		{782BC84B-E05F-467E-BFE6-F38BFC77F139}.Backtesting_Parallel|x86.ActiveCfg = Release|Any CPU
		{782BC84B-E05F-467E-BFE6-F38BFC77F139}.Backtesting_Parallel|x86.Build.0 = Release|Any CPU
		{782BC84B-E05F-467E-BFE6-F38BFC77F139}.Debug|Any CPU.ActiveCfg = Debug|Any CPU
		{782BC84B-E05F-467E-BFE6-F38BFC77F139}.Debug|Any CPU.Build.0 = Debug|Any CPU
		{782BC84B-E05F-467E-BFE6-F38BFC77F139}.Debug|x64.ActiveCfg = Debug|Any CPU
		{782BC84B-E05F-467E-BFE6-F38BFC77F139}.Debug|x64.Build.0 = Debug|Any CPU
		{782BC84B-E05F-467E-BFE6-F38BFC77F139}.Debug|x86.ActiveCfg = Debug|Any CPU
		{782BC84B-E05F-467E-BFE6-F38BFC77F139}.Debug|x86.Build.0 = Debug|Any CPU
		{782BC84B-E05F-467E-BFE6-F38BFC77F139}.Mono|Any CPU.ActiveCfg = Debug|Any CPU
		{782BC84B-E05F-467E-BFE6-F38BFC77F139}.Mono|Any CPU.Build.0 = Debug|Any CPU
		{782BC84B-E05F-467E-BFE6-F38BFC77F139}.Mono|x64.ActiveCfg = Debug|Any CPU
		{782BC84B-E05F-467E-BFE6-F38BFC77F139}.Mono|x64.Build.0 = Debug|Any CPU
		{782BC84B-E05F-467E-BFE6-F38BFC77F139}.Mono|x86.ActiveCfg = Debug|Any CPU
		{782BC84B-E05F-467E-BFE6-F38BFC77F139}.Mono|x86.Build.0 = Debug|Any CPU
		{782BC84B-E05F-467E-BFE6-F38BFC77F139}.Release|Any CPU.ActiveCfg = Release|Any CPU
		{782BC84B-E05F-467E-BFE6-F38BFC77F139}.Release|Any CPU.Build.0 = Release|Any CPU
		{782BC84B-E05F-467E-BFE6-F38BFC77F139}.Release|x64.ActiveCfg = Release|Any CPU
		{782BC84B-E05F-467E-BFE6-F38BFC77F139}.Release|x64.Build.0 = Release|Any CPU
		{782BC84B-E05F-467E-BFE6-F38BFC77F139}.Release|x86.ActiveCfg = Release|Any CPU
		{782BC84B-E05F-467E-BFE6-F38BFC77F139}.Release|x86.Build.0 = Release|Any CPU
		{E3DE28F7-C104-4343-8313-9FF8D27AB62E}.AlgorithmAndFHBrokerOnly|Any CPU.ActiveCfg = Debug|Any CPU
		{E3DE28F7-C104-4343-8313-9FF8D27AB62E}.AlgorithmAndFHBrokerOnly|Any CPU.Build.0 = Debug|Any CPU
		{E3DE28F7-C104-4343-8313-9FF8D27AB62E}.AlgorithmAndFHBrokerOnly|x64.ActiveCfg = Debug|Any CPU
		{E3DE28F7-C104-4343-8313-9FF8D27AB62E}.AlgorithmAndFHBrokerOnly|x64.Build.0 = Debug|Any CPU
		{E3DE28F7-C104-4343-8313-9FF8D27AB62E}.AlgorithmAndFHBrokerOnly|x86.ActiveCfg = Debug|Any CPU
		{E3DE28F7-C104-4343-8313-9FF8D27AB62E}.AlgorithmAndFHBrokerOnly|x86.Build.0 = Debug|Any CPU
		{E3DE28F7-C104-4343-8313-9FF8D27AB62E}.Backtesting_Parallel|Any CPU.ActiveCfg = Release|Any CPU
		{E3DE28F7-C104-4343-8313-9FF8D27AB62E}.Backtesting_Parallel|Any CPU.Build.0 = Release|Any CPU
		{E3DE28F7-C104-4343-8313-9FF8D27AB62E}.Backtesting_Parallel|x64.ActiveCfg = Release|Any CPU
		{E3DE28F7-C104-4343-8313-9FF8D27AB62E}.Backtesting_Parallel|x64.Build.0 = Release|Any CPU
		{E3DE28F7-C104-4343-8313-9FF8D27AB62E}.Backtesting_Parallel|x86.ActiveCfg = Release|Any CPU
		{E3DE28F7-C104-4343-8313-9FF8D27AB62E}.Backtesting_Parallel|x86.Build.0 = Release|Any CPU
		{E3DE28F7-C104-4343-8313-9FF8D27AB62E}.Debug|Any CPU.ActiveCfg = Debug|Any CPU
		{E3DE28F7-C104-4343-8313-9FF8D27AB62E}.Debug|Any CPU.Build.0 = Debug|Any CPU
		{E3DE28F7-C104-4343-8313-9FF8D27AB62E}.Debug|x64.ActiveCfg = Debug|Any CPU
		{E3DE28F7-C104-4343-8313-9FF8D27AB62E}.Debug|x64.Build.0 = Debug|Any CPU
		{E3DE28F7-C104-4343-8313-9FF8D27AB62E}.Debug|x86.ActiveCfg = Debug|Any CPU
		{E3DE28F7-C104-4343-8313-9FF8D27AB62E}.Debug|x86.Build.0 = Debug|Any CPU
		{E3DE28F7-C104-4343-8313-9FF8D27AB62E}.Mono|Any CPU.ActiveCfg = Debug|Any CPU
		{E3DE28F7-C104-4343-8313-9FF8D27AB62E}.Mono|Any CPU.Build.0 = Debug|Any CPU
		{E3DE28F7-C104-4343-8313-9FF8D27AB62E}.Mono|x64.ActiveCfg = Debug|Any CPU
		{E3DE28F7-C104-4343-8313-9FF8D27AB62E}.Mono|x64.Build.0 = Debug|Any CPU
		{E3DE28F7-C104-4343-8313-9FF8D27AB62E}.Mono|x86.ActiveCfg = Debug|Any CPU
		{E3DE28F7-C104-4343-8313-9FF8D27AB62E}.Mono|x86.Build.0 = Debug|Any CPU
		{E3DE28F7-C104-4343-8313-9FF8D27AB62E}.Release|Any CPU.ActiveCfg = Release|Any CPU
		{E3DE28F7-C104-4343-8313-9FF8D27AB62E}.Release|Any CPU.Build.0 = Release|Any CPU
		{E3DE28F7-C104-4343-8313-9FF8D27AB62E}.Release|x64.ActiveCfg = Release|Any CPU
		{E3DE28F7-C104-4343-8313-9FF8D27AB62E}.Release|x64.Build.0 = Release|Any CPU
		{E3DE28F7-C104-4343-8313-9FF8D27AB62E}.Release|x86.ActiveCfg = Release|Any CPU
		{E3DE28F7-C104-4343-8313-9FF8D27AB62E}.Release|x86.Build.0 = Release|Any CPU
		{A3A4DC4F-50E3-418E-850A-679382F4180C}.AlgorithmAndFHBrokerOnly|Any CPU.ActiveCfg = Debug|Any CPU
		{A3A4DC4F-50E3-418E-850A-679382F4180C}.AlgorithmAndFHBrokerOnly|Any CPU.Build.0 = Debug|Any CPU
		{A3A4DC4F-50E3-418E-850A-679382F4180C}.AlgorithmAndFHBrokerOnly|x64.ActiveCfg = Debug|Any CPU
		{A3A4DC4F-50E3-418E-850A-679382F4180C}.AlgorithmAndFHBrokerOnly|x64.Build.0 = Debug|Any CPU
		{A3A4DC4F-50E3-418E-850A-679382F4180C}.AlgorithmAndFHBrokerOnly|x86.ActiveCfg = Debug|Any CPU
		{A3A4DC4F-50E3-418E-850A-679382F4180C}.AlgorithmAndFHBrokerOnly|x86.Build.0 = Debug|Any CPU
		{A3A4DC4F-50E3-418E-850A-679382F4180C}.Backtesting_Parallel|Any CPU.ActiveCfg = Release|Any CPU
		{A3A4DC4F-50E3-418E-850A-679382F4180C}.Backtesting_Parallel|Any CPU.Build.0 = Release|Any CPU
		{A3A4DC4F-50E3-418E-850A-679382F4180C}.Backtesting_Parallel|x64.ActiveCfg = Release|Any CPU
		{A3A4DC4F-50E3-418E-850A-679382F4180C}.Backtesting_Parallel|x64.Build.0 = Release|Any CPU
		{A3A4DC4F-50E3-418E-850A-679382F4180C}.Backtesting_Parallel|x86.ActiveCfg = Release|Any CPU
		{A3A4DC4F-50E3-418E-850A-679382F4180C}.Backtesting_Parallel|x86.Build.0 = Release|Any CPU
		{A3A4DC4F-50E3-418E-850A-679382F4180C}.Debug|Any CPU.ActiveCfg = Debug|Any CPU
		{A3A4DC4F-50E3-418E-850A-679382F4180C}.Debug|Any CPU.Build.0 = Debug|Any CPU
		{A3A4DC4F-50E3-418E-850A-679382F4180C}.Debug|x64.ActiveCfg = Debug|Any CPU
		{A3A4DC4F-50E3-418E-850A-679382F4180C}.Debug|x64.Build.0 = Debug|Any CPU
		{A3A4DC4F-50E3-418E-850A-679382F4180C}.Debug|x86.ActiveCfg = Debug|Any CPU
		{A3A4DC4F-50E3-418E-850A-679382F4180C}.Debug|x86.Build.0 = Debug|Any CPU
		{A3A4DC4F-50E3-418E-850A-679382F4180C}.Mono|Any CPU.ActiveCfg = Debug|Any CPU
		{A3A4DC4F-50E3-418E-850A-679382F4180C}.Mono|Any CPU.Build.0 = Debug|Any CPU
		{A3A4DC4F-50E3-418E-850A-679382F4180C}.Mono|x64.ActiveCfg = Debug|Any CPU
		{A3A4DC4F-50E3-418E-850A-679382F4180C}.Mono|x64.Build.0 = Debug|Any CPU
		{A3A4DC4F-50E3-418E-850A-679382F4180C}.Mono|x86.ActiveCfg = Debug|Any CPU
		{A3A4DC4F-50E3-418E-850A-679382F4180C}.Mono|x86.Build.0 = Debug|Any CPU
		{A3A4DC4F-50E3-418E-850A-679382F4180C}.Release|Any CPU.ActiveCfg = Release|Any CPU
		{A3A4DC4F-50E3-418E-850A-679382F4180C}.Release|Any CPU.Build.0 = Release|Any CPU
		{A3A4DC4F-50E3-418E-850A-679382F4180C}.Release|x64.ActiveCfg = Release|Any CPU
		{A3A4DC4F-50E3-418E-850A-679382F4180C}.Release|x64.Build.0 = Release|Any CPU
		{A3A4DC4F-50E3-418E-850A-679382F4180C}.Release|x86.ActiveCfg = Release|Any CPU
		{A3A4DC4F-50E3-418E-850A-679382F4180C}.Release|x86.Build.0 = Release|Any CPU
		{9F5CEB2F-E17B-4F9F-BEAB-64924DC6A8A2}.AlgorithmAndFHBrokerOnly|Any CPU.ActiveCfg = Debug|Any CPU
		{9F5CEB2F-E17B-4F9F-BEAB-64924DC6A8A2}.AlgorithmAndFHBrokerOnly|Any CPU.Build.0 = Debug|Any CPU
		{9F5CEB2F-E17B-4F9F-BEAB-64924DC6A8A2}.AlgorithmAndFHBrokerOnly|x64.ActiveCfg = Debug|Any CPU
		{9F5CEB2F-E17B-4F9F-BEAB-64924DC6A8A2}.AlgorithmAndFHBrokerOnly|x64.Build.0 = Debug|Any CPU
		{9F5CEB2F-E17B-4F9F-BEAB-64924DC6A8A2}.AlgorithmAndFHBrokerOnly|x86.ActiveCfg = Debug|Any CPU
		{9F5CEB2F-E17B-4F9F-BEAB-64924DC6A8A2}.AlgorithmAndFHBrokerOnly|x86.Build.0 = Debug|Any CPU
		{9F5CEB2F-E17B-4F9F-BEAB-64924DC6A8A2}.Backtesting_Parallel|Any CPU.ActiveCfg = Release|Any CPU
		{9F5CEB2F-E17B-4F9F-BEAB-64924DC6A8A2}.Backtesting_Parallel|Any CPU.Build.0 = Release|Any CPU
		{9F5CEB2F-E17B-4F9F-BEAB-64924DC6A8A2}.Backtesting_Parallel|x64.ActiveCfg = Release|Any CPU
		{9F5CEB2F-E17B-4F9F-BEAB-64924DC6A8A2}.Backtesting_Parallel|x64.Build.0 = Release|Any CPU
		{9F5CEB2F-E17B-4F9F-BEAB-64924DC6A8A2}.Backtesting_Parallel|x86.ActiveCfg = Release|Any CPU
		{9F5CEB2F-E17B-4F9F-BEAB-64924DC6A8A2}.Backtesting_Parallel|x86.Build.0 = Release|Any CPU
		{9F5CEB2F-E17B-4F9F-BEAB-64924DC6A8A2}.Debug|Any CPU.ActiveCfg = Debug|Any CPU
		{9F5CEB2F-E17B-4F9F-BEAB-64924DC6A8A2}.Debug|Any CPU.Build.0 = Debug|Any CPU
		{9F5CEB2F-E17B-4F9F-BEAB-64924DC6A8A2}.Debug|x64.ActiveCfg = Debug|Any CPU
		{9F5CEB2F-E17B-4F9F-BEAB-64924DC6A8A2}.Debug|x64.Build.0 = Debug|Any CPU
		{9F5CEB2F-E17B-4F9F-BEAB-64924DC6A8A2}.Debug|x86.ActiveCfg = Debug|Any CPU
		{9F5CEB2F-E17B-4F9F-BEAB-64924DC6A8A2}.Debug|x86.Build.0 = Debug|Any CPU
		{9F5CEB2F-E17B-4F9F-BEAB-64924DC6A8A2}.Mono|Any CPU.ActiveCfg = Debug|Any CPU
		{9F5CEB2F-E17B-4F9F-BEAB-64924DC6A8A2}.Mono|Any CPU.Build.0 = Debug|Any CPU
		{9F5CEB2F-E17B-4F9F-BEAB-64924DC6A8A2}.Mono|x64.ActiveCfg = Debug|Any CPU
		{9F5CEB2F-E17B-4F9F-BEAB-64924DC6A8A2}.Mono|x64.Build.0 = Debug|Any CPU
		{9F5CEB2F-E17B-4F9F-BEAB-64924DC6A8A2}.Mono|x86.ActiveCfg = Debug|Any CPU
		{9F5CEB2F-E17B-4F9F-BEAB-64924DC6A8A2}.Mono|x86.Build.0 = Debug|Any CPU
		{9F5CEB2F-E17B-4F9F-BEAB-64924DC6A8A2}.Release|Any CPU.ActiveCfg = Release|Any CPU
		{9F5CEB2F-E17B-4F9F-BEAB-64924DC6A8A2}.Release|Any CPU.Build.0 = Release|Any CPU
		{9F5CEB2F-E17B-4F9F-BEAB-64924DC6A8A2}.Release|x64.ActiveCfg = Release|Any CPU
		{9F5CEB2F-E17B-4F9F-BEAB-64924DC6A8A2}.Release|x64.Build.0 = Release|Any CPU
		{9F5CEB2F-E17B-4F9F-BEAB-64924DC6A8A2}.Release|x86.ActiveCfg = Release|Any CPU
		{9F5CEB2F-E17B-4F9F-BEAB-64924DC6A8A2}.Release|x86.Build.0 = Release|Any CPU
		{E3FB45C3-DF2A-4340-9499-1B9E5DC738B5}.AlgorithmAndFHBrokerOnly|Any CPU.ActiveCfg = Debug|Any CPU
		{E3FB45C3-DF2A-4340-9499-1B9E5DC738B5}.AlgorithmAndFHBrokerOnly|Any CPU.Build.0 = Debug|Any CPU
		{E3FB45C3-DF2A-4340-9499-1B9E5DC738B5}.AlgorithmAndFHBrokerOnly|x64.ActiveCfg = Debug|Any CPU
		{E3FB45C3-DF2A-4340-9499-1B9E5DC738B5}.AlgorithmAndFHBrokerOnly|x64.Build.0 = Debug|Any CPU
		{E3FB45C3-DF2A-4340-9499-1B9E5DC738B5}.AlgorithmAndFHBrokerOnly|x86.ActiveCfg = Debug|Any CPU
		{E3FB45C3-DF2A-4340-9499-1B9E5DC738B5}.AlgorithmAndFHBrokerOnly|x86.Build.0 = Debug|Any CPU
		{E3FB45C3-DF2A-4340-9499-1B9E5DC738B5}.Backtesting_Parallel|Any CPU.ActiveCfg = Release|Any CPU
		{E3FB45C3-DF2A-4340-9499-1B9E5DC738B5}.Backtesting_Parallel|Any CPU.Build.0 = Release|Any CPU
		{E3FB45C3-DF2A-4340-9499-1B9E5DC738B5}.Backtesting_Parallel|x64.ActiveCfg = Release|Any CPU
		{E3FB45C3-DF2A-4340-9499-1B9E5DC738B5}.Backtesting_Parallel|x64.Build.0 = Release|Any CPU
		{E3FB45C3-DF2A-4340-9499-1B9E5DC738B5}.Backtesting_Parallel|x86.ActiveCfg = Release|Any CPU
		{E3FB45C3-DF2A-4340-9499-1B9E5DC738B5}.Backtesting_Parallel|x86.Build.0 = Release|Any CPU
		{E3FB45C3-DF2A-4340-9499-1B9E5DC738B5}.Debug|Any CPU.ActiveCfg = Debug|Any CPU
		{E3FB45C3-DF2A-4340-9499-1B9E5DC738B5}.Debug|Any CPU.Build.0 = Debug|Any CPU
		{E3FB45C3-DF2A-4340-9499-1B9E5DC738B5}.Debug|x64.ActiveCfg = Debug|Any CPU
		{E3FB45C3-DF2A-4340-9499-1B9E5DC738B5}.Debug|x64.Build.0 = Debug|Any CPU
		{E3FB45C3-DF2A-4340-9499-1B9E5DC738B5}.Debug|x86.ActiveCfg = Debug|Any CPU
		{E3FB45C3-DF2A-4340-9499-1B9E5DC738B5}.Debug|x86.Build.0 = Debug|Any CPU
		{E3FB45C3-DF2A-4340-9499-1B9E5DC738B5}.Mono|Any CPU.ActiveCfg = Debug|Any CPU
		{E3FB45C3-DF2A-4340-9499-1B9E5DC738B5}.Mono|Any CPU.Build.0 = Debug|Any CPU
		{E3FB45C3-DF2A-4340-9499-1B9E5DC738B5}.Mono|x64.ActiveCfg = Debug|Any CPU
		{E3FB45C3-DF2A-4340-9499-1B9E5DC738B5}.Mono|x64.Build.0 = Debug|Any CPU
		{E3FB45C3-DF2A-4340-9499-1B9E5DC738B5}.Mono|x86.ActiveCfg = Debug|Any CPU
		{E3FB45C3-DF2A-4340-9499-1B9E5DC738B5}.Mono|x86.Build.0 = Debug|Any CPU
		{E3FB45C3-DF2A-4340-9499-1B9E5DC738B5}.Release|Any CPU.ActiveCfg = Release|Any CPU
		{E3FB45C3-DF2A-4340-9499-1B9E5DC738B5}.Release|Any CPU.Build.0 = Release|Any CPU
		{E3FB45C3-DF2A-4340-9499-1B9E5DC738B5}.Release|x64.ActiveCfg = Release|Any CPU
		{E3FB45C3-DF2A-4340-9499-1B9E5DC738B5}.Release|x64.Build.0 = Release|Any CPU
		{E3FB45C3-DF2A-4340-9499-1B9E5DC738B5}.Release|x86.ActiveCfg = Release|Any CPU
		{E3FB45C3-DF2A-4340-9499-1B9E5DC738B5}.Release|x86.Build.0 = Release|Any CPU
		{F8834B51-05E3-4441-BBAC-E3658F79CDC9}.AlgorithmAndFHBrokerOnly|Any CPU.ActiveCfg = Debug|Any CPU
		{F8834B51-05E3-4441-BBAC-E3658F79CDC9}.AlgorithmAndFHBrokerOnly|Any CPU.Build.0 = Debug|Any CPU
		{F8834B51-05E3-4441-BBAC-E3658F79CDC9}.AlgorithmAndFHBrokerOnly|x64.ActiveCfg = Debug|Any CPU
		{F8834B51-05E3-4441-BBAC-E3658F79CDC9}.AlgorithmAndFHBrokerOnly|x64.Build.0 = Debug|Any CPU
		{F8834B51-05E3-4441-BBAC-E3658F79CDC9}.AlgorithmAndFHBrokerOnly|x86.ActiveCfg = Debug|Any CPU
		{F8834B51-05E3-4441-BBAC-E3658F79CDC9}.AlgorithmAndFHBrokerOnly|x86.Build.0 = Debug|Any CPU
		{F8834B51-05E3-4441-BBAC-E3658F79CDC9}.Backtesting_Parallel|Any CPU.ActiveCfg = Release|Any CPU
		{F8834B51-05E3-4441-BBAC-E3658F79CDC9}.Backtesting_Parallel|Any CPU.Build.0 = Release|Any CPU
		{F8834B51-05E3-4441-BBAC-E3658F79CDC9}.Backtesting_Parallel|x64.ActiveCfg = Release|Any CPU
		{F8834B51-05E3-4441-BBAC-E3658F79CDC9}.Backtesting_Parallel|x64.Build.0 = Release|Any CPU
		{F8834B51-05E3-4441-BBAC-E3658F79CDC9}.Backtesting_Parallel|x86.ActiveCfg = Release|Any CPU
		{F8834B51-05E3-4441-BBAC-E3658F79CDC9}.Backtesting_Parallel|x86.Build.0 = Release|Any CPU
		{F8834B51-05E3-4441-BBAC-E3658F79CDC9}.Debug|Any CPU.ActiveCfg = Debug|Any CPU
		{F8834B51-05E3-4441-BBAC-E3658F79CDC9}.Debug|Any CPU.Build.0 = Debug|Any CPU
		{F8834B51-05E3-4441-BBAC-E3658F79CDC9}.Debug|x64.ActiveCfg = Debug|Any CPU
		{F8834B51-05E3-4441-BBAC-E3658F79CDC9}.Debug|x64.Build.0 = Debug|Any CPU
		{F8834B51-05E3-4441-BBAC-E3658F79CDC9}.Debug|x86.ActiveCfg = Debug|Any CPU
		{F8834B51-05E3-4441-BBAC-E3658F79CDC9}.Debug|x86.Build.0 = Debug|Any CPU
		{F8834B51-05E3-4441-BBAC-E3658F79CDC9}.Mono|Any CPU.ActiveCfg = Debug|Any CPU
		{F8834B51-05E3-4441-BBAC-E3658F79CDC9}.Mono|Any CPU.Build.0 = Debug|Any CPU
		{F8834B51-05E3-4441-BBAC-E3658F79CDC9}.Mono|x64.ActiveCfg = Debug|Any CPU
		{F8834B51-05E3-4441-BBAC-E3658F79CDC9}.Mono|x64.Build.0 = Debug|Any CPU
		{F8834B51-05E3-4441-BBAC-E3658F79CDC9}.Mono|x86.ActiveCfg = Debug|Any CPU
		{F8834B51-05E3-4441-BBAC-E3658F79CDC9}.Mono|x86.Build.0 = Debug|Any CPU
		{F8834B51-05E3-4441-BBAC-E3658F79CDC9}.Release|Any CPU.ActiveCfg = Release|Any CPU
		{F8834B51-05E3-4441-BBAC-E3658F79CDC9}.Release|Any CPU.Build.0 = Release|Any CPU
		{F8834B51-05E3-4441-BBAC-E3658F79CDC9}.Release|x64.ActiveCfg = Release|Any CPU
		{F8834B51-05E3-4441-BBAC-E3658F79CDC9}.Release|x64.Build.0 = Release|Any CPU
		{F8834B51-05E3-4441-BBAC-E3658F79CDC9}.Release|x86.ActiveCfg = Release|Any CPU
		{F8834B51-05E3-4441-BBAC-E3658F79CDC9}.Release|x86.Build.0 = Release|Any CPU
		{968D2E87-D438-4632-A5E8-DCE2AEEEC5D9}.AlgorithmAndFHBrokerOnly|Any CPU.ActiveCfg = Debug|Any CPU
		{968D2E87-D438-4632-A5E8-DCE2AEEEC5D9}.AlgorithmAndFHBrokerOnly|Any CPU.Build.0 = Debug|Any CPU
		{968D2E87-D438-4632-A5E8-DCE2AEEEC5D9}.AlgorithmAndFHBrokerOnly|x64.ActiveCfg = Debug|Any CPU
		{968D2E87-D438-4632-A5E8-DCE2AEEEC5D9}.AlgorithmAndFHBrokerOnly|x64.Build.0 = Debug|Any CPU
		{968D2E87-D438-4632-A5E8-DCE2AEEEC5D9}.AlgorithmAndFHBrokerOnly|x86.ActiveCfg = Debug|Any CPU
		{968D2E87-D438-4632-A5E8-DCE2AEEEC5D9}.AlgorithmAndFHBrokerOnly|x86.Build.0 = Debug|Any CPU
		{968D2E87-D438-4632-A5E8-DCE2AEEEC5D9}.Backtesting_Parallel|Any CPU.ActiveCfg = Release|Any CPU
		{968D2E87-D438-4632-A5E8-DCE2AEEEC5D9}.Backtesting_Parallel|Any CPU.Build.0 = Release|Any CPU
		{968D2E87-D438-4632-A5E8-DCE2AEEEC5D9}.Backtesting_Parallel|x64.ActiveCfg = Release|Any CPU
		{968D2E87-D438-4632-A5E8-DCE2AEEEC5D9}.Backtesting_Parallel|x64.Build.0 = Release|Any CPU
		{968D2E87-D438-4632-A5E8-DCE2AEEEC5D9}.Backtesting_Parallel|x86.ActiveCfg = Release|Any CPU
		{968D2E87-D438-4632-A5E8-DCE2AEEEC5D9}.Backtesting_Parallel|x86.Build.0 = Release|Any CPU
		{968D2E87-D438-4632-A5E8-DCE2AEEEC5D9}.Debug|Any CPU.ActiveCfg = Debug|Any CPU
		{968D2E87-D438-4632-A5E8-DCE2AEEEC5D9}.Debug|Any CPU.Build.0 = Debug|Any CPU
		{968D2E87-D438-4632-A5E8-DCE2AEEEC5D9}.Debug|x64.ActiveCfg = Debug|Any CPU
		{968D2E87-D438-4632-A5E8-DCE2AEEEC5D9}.Debug|x64.Build.0 = Debug|Any CPU
		{968D2E87-D438-4632-A5E8-DCE2AEEEC5D9}.Debug|x86.ActiveCfg = Debug|Any CPU
		{968D2E87-D438-4632-A5E8-DCE2AEEEC5D9}.Debug|x86.Build.0 = Debug|Any CPU
		{968D2E87-D438-4632-A5E8-DCE2AEEEC5D9}.Mono|Any CPU.ActiveCfg = Debug|Any CPU
		{968D2E87-D438-4632-A5E8-DCE2AEEEC5D9}.Mono|Any CPU.Build.0 = Debug|Any CPU
		{968D2E87-D438-4632-A5E8-DCE2AEEEC5D9}.Mono|x64.ActiveCfg = Debug|Any CPU
		{968D2E87-D438-4632-A5E8-DCE2AEEEC5D9}.Mono|x64.Build.0 = Debug|Any CPU
		{968D2E87-D438-4632-A5E8-DCE2AEEEC5D9}.Mono|x86.ActiveCfg = Debug|Any CPU
		{968D2E87-D438-4632-A5E8-DCE2AEEEC5D9}.Mono|x86.Build.0 = Debug|Any CPU
		{968D2E87-D438-4632-A5E8-DCE2AEEEC5D9}.Release|Any CPU.ActiveCfg = Release|Any CPU
		{968D2E87-D438-4632-A5E8-DCE2AEEEC5D9}.Release|Any CPU.Build.0 = Release|Any CPU
		{968D2E87-D438-4632-A5E8-DCE2AEEEC5D9}.Release|x64.ActiveCfg = Release|Any CPU
		{968D2E87-D438-4632-A5E8-DCE2AEEEC5D9}.Release|x64.Build.0 = Release|Any CPU
		{968D2E87-D438-4632-A5E8-DCE2AEEEC5D9}.Release|x86.ActiveCfg = Release|Any CPU
		{968D2E87-D438-4632-A5E8-DCE2AEEEC5D9}.Release|x86.Build.0 = Release|Any CPU
		{51B8FFB5-B17D-43AC-B5E5-79151A40D062}.AlgorithmAndFHBrokerOnly|Any CPU.ActiveCfg = Debug|Any CPU
		{51B8FFB5-B17D-43AC-B5E5-79151A40D062}.AlgorithmAndFHBrokerOnly|Any CPU.Build.0 = Debug|Any CPU
		{51B8FFB5-B17D-43AC-B5E5-79151A40D062}.AlgorithmAndFHBrokerOnly|x64.ActiveCfg = Debug|Any CPU
		{51B8FFB5-B17D-43AC-B5E5-79151A40D062}.AlgorithmAndFHBrokerOnly|x64.Build.0 = Debug|Any CPU
		{51B8FFB5-B17D-43AC-B5E5-79151A40D062}.AlgorithmAndFHBrokerOnly|x86.ActiveCfg = Debug|Any CPU
		{51B8FFB5-B17D-43AC-B5E5-79151A40D062}.AlgorithmAndFHBrokerOnly|x86.Build.0 = Debug|Any CPU
		{51B8FFB5-B17D-43AC-B5E5-79151A40D062}.Backtesting_Parallel|Any CPU.ActiveCfg = Release|Any CPU
		{51B8FFB5-B17D-43AC-B5E5-79151A40D062}.Backtesting_Parallel|Any CPU.Build.0 = Release|Any CPU
		{51B8FFB5-B17D-43AC-B5E5-79151A40D062}.Backtesting_Parallel|x64.ActiveCfg = Release|Any CPU
		{51B8FFB5-B17D-43AC-B5E5-79151A40D062}.Backtesting_Parallel|x64.Build.0 = Release|Any CPU
		{51B8FFB5-B17D-43AC-B5E5-79151A40D062}.Backtesting_Parallel|x86.ActiveCfg = Release|Any CPU
		{51B8FFB5-B17D-43AC-B5E5-79151A40D062}.Backtesting_Parallel|x86.Build.0 = Release|Any CPU
		{51B8FFB5-B17D-43AC-B5E5-79151A40D062}.Debug|Any CPU.ActiveCfg = Debug|Any CPU
		{51B8FFB5-B17D-43AC-B5E5-79151A40D062}.Debug|Any CPU.Build.0 = Debug|Any CPU
		{51B8FFB5-B17D-43AC-B5E5-79151A40D062}.Debug|x64.ActiveCfg = Debug|Any CPU
		{51B8FFB5-B17D-43AC-B5E5-79151A40D062}.Debug|x64.Build.0 = Debug|Any CPU
		{51B8FFB5-B17D-43AC-B5E5-79151A40D062}.Debug|x86.ActiveCfg = Debug|Any CPU
		{51B8FFB5-B17D-43AC-B5E5-79151A40D062}.Debug|x86.Build.0 = Debug|Any CPU
		{51B8FFB5-B17D-43AC-B5E5-79151A40D062}.Mono|Any CPU.ActiveCfg = Debug|Any CPU
		{51B8FFB5-B17D-43AC-B5E5-79151A40D062}.Mono|Any CPU.Build.0 = Debug|Any CPU
		{51B8FFB5-B17D-43AC-B5E5-79151A40D062}.Mono|x64.ActiveCfg = Debug|Any CPU
		{51B8FFB5-B17D-43AC-B5E5-79151A40D062}.Mono|x64.Build.0 = Debug|Any CPU
		{51B8FFB5-B17D-43AC-B5E5-79151A40D062}.Mono|x86.ActiveCfg = Debug|Any CPU
		{51B8FFB5-B17D-43AC-B5E5-79151A40D062}.Mono|x86.Build.0 = Debug|Any CPU
		{51B8FFB5-B17D-43AC-B5E5-79151A40D062}.Release|Any CPU.ActiveCfg = Release|Any CPU
		{51B8FFB5-B17D-43AC-B5E5-79151A40D062}.Release|Any CPU.Build.0 = Release|Any CPU
		{51B8FFB5-B17D-43AC-B5E5-79151A40D062}.Release|x64.ActiveCfg = Release|Any CPU
		{51B8FFB5-B17D-43AC-B5E5-79151A40D062}.Release|x64.Build.0 = Release|Any CPU
		{51B8FFB5-B17D-43AC-B5E5-79151A40D062}.Release|x86.ActiveCfg = Release|Any CPU
		{51B8FFB5-B17D-43AC-B5E5-79151A40D062}.Release|x86.Build.0 = Release|Any CPU
		{154D920A-C8D6-4EE9-A023-C6C9A3C79BE6}.AlgorithmAndFHBrokerOnly|Any CPU.ActiveCfg = Debug|Any CPU
		{154D920A-C8D6-4EE9-A023-C6C9A3C79BE6}.AlgorithmAndFHBrokerOnly|Any CPU.Build.0 = Debug|Any CPU
		{154D920A-C8D6-4EE9-A023-C6C9A3C79BE6}.AlgorithmAndFHBrokerOnly|x64.ActiveCfg = Debug|Any CPU
		{154D920A-C8D6-4EE9-A023-C6C9A3C79BE6}.AlgorithmAndFHBrokerOnly|x64.Build.0 = Debug|Any CPU
		{154D920A-C8D6-4EE9-A023-C6C9A3C79BE6}.AlgorithmAndFHBrokerOnly|x86.ActiveCfg = Debug|Any CPU
		{154D920A-C8D6-4EE9-A023-C6C9A3C79BE6}.AlgorithmAndFHBrokerOnly|x86.Build.0 = Debug|Any CPU
		{154D920A-C8D6-4EE9-A023-C6C9A3C79BE6}.Backtesting_Parallel|Any CPU.ActiveCfg = Debug|Any CPU
		{154D920A-C8D6-4EE9-A023-C6C9A3C79BE6}.Backtesting_Parallel|Any CPU.Build.0 = Debug|Any CPU
		{154D920A-C8D6-4EE9-A023-C6C9A3C79BE6}.Backtesting_Parallel|x64.ActiveCfg = Debug|Any CPU
		{154D920A-C8D6-4EE9-A023-C6C9A3C79BE6}.Backtesting_Parallel|x64.Build.0 = Debug|Any CPU
		{154D920A-C8D6-4EE9-A023-C6C9A3C79BE6}.Backtesting_Parallel|x86.ActiveCfg = Debug|Any CPU
		{154D920A-C8D6-4EE9-A023-C6C9A3C79BE6}.Backtesting_Parallel|x86.Build.0 = Debug|Any CPU
		{154D920A-C8D6-4EE9-A023-C6C9A3C79BE6}.Debug|Any CPU.ActiveCfg = Debug|Any CPU
		{154D920A-C8D6-4EE9-A023-C6C9A3C79BE6}.Debug|Any CPU.Build.0 = Debug|Any CPU
		{154D920A-C8D6-4EE9-A023-C6C9A3C79BE6}.Debug|x64.ActiveCfg = Debug|Any CPU
		{154D920A-C8D6-4EE9-A023-C6C9A3C79BE6}.Debug|x64.Build.0 = Debug|Any CPU
		{154D920A-C8D6-4EE9-A023-C6C9A3C79BE6}.Debug|x86.ActiveCfg = Debug|Any CPU
		{154D920A-C8D6-4EE9-A023-C6C9A3C79BE6}.Debug|x86.Build.0 = Debug|Any CPU
		{154D920A-C8D6-4EE9-A023-C6C9A3C79BE6}.Mono|Any CPU.ActiveCfg = Debug|Any CPU
		{154D920A-C8D6-4EE9-A023-C6C9A3C79BE6}.Mono|Any CPU.Build.0 = Debug|Any CPU
		{154D920A-C8D6-4EE9-A023-C6C9A3C79BE6}.Mono|x64.ActiveCfg = Debug|Any CPU
		{154D920A-C8D6-4EE9-A023-C6C9A3C79BE6}.Mono|x64.Build.0 = Debug|Any CPU
		{154D920A-C8D6-4EE9-A023-C6C9A3C79BE6}.Mono|x86.ActiveCfg = Debug|Any CPU
		{154D920A-C8D6-4EE9-A023-C6C9A3C79BE6}.Mono|x86.Build.0 = Debug|Any CPU
		{154D920A-C8D6-4EE9-A023-C6C9A3C79BE6}.Release|Any CPU.ActiveCfg = Release|Any CPU
		{154D920A-C8D6-4EE9-A023-C6C9A3C79BE6}.Release|Any CPU.Build.0 = Release|Any CPU
		{154D920A-C8D6-4EE9-A023-C6C9A3C79BE6}.Release|x64.ActiveCfg = Release|Any CPU
		{154D920A-C8D6-4EE9-A023-C6C9A3C79BE6}.Release|x64.Build.0 = Release|Any CPU
		{154D920A-C8D6-4EE9-A023-C6C9A3C79BE6}.Release|x86.ActiveCfg = Release|Any CPU
		{154D920A-C8D6-4EE9-A023-C6C9A3C79BE6}.Release|x86.Build.0 = Release|Any CPU
		{17FED382-8B56-42D6-A970-8826BC4E9EEA}.AlgorithmAndFHBrokerOnly|Any CPU.ActiveCfg = Debug|Any CPU
		{17FED382-8B56-42D6-A970-8826BC4E9EEA}.AlgorithmAndFHBrokerOnly|Any CPU.Build.0 = Debug|Any CPU
		{17FED382-8B56-42D6-A970-8826BC4E9EEA}.AlgorithmAndFHBrokerOnly|x64.ActiveCfg = Debug|Any CPU
		{17FED382-8B56-42D6-A970-8826BC4E9EEA}.AlgorithmAndFHBrokerOnly|x64.Build.0 = Debug|Any CPU
		{17FED382-8B56-42D6-A970-8826BC4E9EEA}.AlgorithmAndFHBrokerOnly|x86.ActiveCfg = Debug|Any CPU
		{17FED382-8B56-42D6-A970-8826BC4E9EEA}.AlgorithmAndFHBrokerOnly|x86.Build.0 = Debug|Any CPU
		{17FED382-8B56-42D6-A970-8826BC4E9EEA}.Backtesting_Parallel|Any CPU.ActiveCfg = Debug|Any CPU
		{17FED382-8B56-42D6-A970-8826BC4E9EEA}.Backtesting_Parallel|Any CPU.Build.0 = Debug|Any CPU
		{17FED382-8B56-42D6-A970-8826BC4E9EEA}.Backtesting_Parallel|x64.ActiveCfg = Debug|Any CPU
		{17FED382-8B56-42D6-A970-8826BC4E9EEA}.Backtesting_Parallel|x64.Build.0 = Debug|Any CPU
		{17FED382-8B56-42D6-A970-8826BC4E9EEA}.Backtesting_Parallel|x86.ActiveCfg = Debug|Any CPU
		{17FED382-8B56-42D6-A970-8826BC4E9EEA}.Backtesting_Parallel|x86.Build.0 = Debug|Any CPU
		{17FED382-8B56-42D6-A970-8826BC4E9EEA}.Debug|Any CPU.ActiveCfg = Debug|Any CPU
		{17FED382-8B56-42D6-A970-8826BC4E9EEA}.Debug|Any CPU.Build.0 = Debug|Any CPU
		{17FED382-8B56-42D6-A970-8826BC4E9EEA}.Debug|x64.ActiveCfg = Debug|Any CPU
		{17FED382-8B56-42D6-A970-8826BC4E9EEA}.Debug|x64.Build.0 = Debug|Any CPU
		{17FED382-8B56-42D6-A970-8826BC4E9EEA}.Debug|x86.ActiveCfg = Debug|Any CPU
		{17FED382-8B56-42D6-A970-8826BC4E9EEA}.Debug|x86.Build.0 = Debug|Any CPU
		{17FED382-8B56-42D6-A970-8826BC4E9EEA}.Mono|Any CPU.ActiveCfg = Debug|Any CPU
		{17FED382-8B56-42D6-A970-8826BC4E9EEA}.Mono|Any CPU.Build.0 = Debug|Any CPU
		{17FED382-8B56-42D6-A970-8826BC4E9EEA}.Mono|x64.ActiveCfg = Debug|Any CPU
		{17FED382-8B56-42D6-A970-8826BC4E9EEA}.Mono|x64.Build.0 = Debug|Any CPU
		{17FED382-8B56-42D6-A970-8826BC4E9EEA}.Mono|x86.ActiveCfg = Debug|Any CPU
		{17FED382-8B56-42D6-A970-8826BC4E9EEA}.Mono|x86.Build.0 = Debug|Any CPU
		{17FED382-8B56-42D6-A970-8826BC4E9EEA}.Release|Any CPU.ActiveCfg = Release|Any CPU
		{17FED382-8B56-42D6-A970-8826BC4E9EEA}.Release|Any CPU.Build.0 = Release|Any CPU
		{17FED382-8B56-42D6-A970-8826BC4E9EEA}.Release|x64.ActiveCfg = Release|Any CPU
		{17FED382-8B56-42D6-A970-8826BC4E9EEA}.Release|x64.Build.0 = Release|Any CPU
		{17FED382-8B56-42D6-A970-8826BC4E9EEA}.Release|x86.ActiveCfg = Release|Any CPU
		{17FED382-8B56-42D6-A970-8826BC4E9EEA}.Release|x86.Build.0 = Release|Any CPU
	EndGlobalSection
	GlobalSection(SolutionProperties) = preSolution
		HideSolutionNode = FALSE
	EndGlobalSection
	GlobalSection(ExtensibilityGlobals) = postSolution
		SolutionGuid = {C4A71DF5-B29C-4001-82D2-0D14C16A389C}
	EndGlobalSection
EndGlobal
