
Microsoft Visual Studio Solution File, Format Version 12.00
# Visual Studio Version 16
VisualStudioVersion = 16.0.31501.217
MinimumVisualStudioVersion = 10.0.40219.1
Project("{FAE04EC0-301F-11D3-BF4B-00C04F79EFBC}") = "Launcher", "Launcher\Launcher.csproj", "{3F2F787E-674E-436C-8E0A-EBB7075AEC92}"
EndProject
Project("{FAE04EC0-301F-11D3-BF4B-00C04F79EFBC}") = "Instance", "Instance\Instance.csproj", "{8F88F334-66ED-46E2-8C89-51CE84993665}"
EndProject
Project("{FAE04EC0-301F-11D3-BF4B-00C04F79EFBC}") = "Util", "Util\Util.csproj", "{1B671973-B44D-4125-9599-73318207C2AB}"
EndProject
Project("{FAE04EC0-301F-11D3-BF4B-00C04F79EFBC}") = "Algorithm", "Algorithm\Algorithm.csproj", "{5DA1F8DE-ECE5-4901-873E-BCC7985714F0}"
EndProject
Project("{FAE04EC0-301F-11D3-BF4B-00C04F79EFBC}") = "QuantConnect", "..\Lean\Common\QuantConnect.csproj", "{2545C0B4-FABB-49C9-8DD1-9AD7EE23F86B}"
EndProject
Project("{FAE04EC0-301F-11D3-BF4B-00C04F79EFBC}") = "QuantConnect.Lean.Engine", "..\Lean\Engine\QuantConnect.Lean.Engine.csproj", "{12156F46-D07E-4E3D-AD2B-7409E82AB62F}"
EndProject
Project("{FAE04EC0-301F-11D3-BF4B-00C04F79EFBC}") = "QuantConnect.BatchLauncherJobQueue", "BatchLauncherJobQueue\QuantConnect.BatchLauncherJobQueue.csproj", "{8B908655-1868-47D5-A527-16712F8DCC90}"
EndProject
Global
	GlobalSection(SolutionConfigurationPlatforms) = preSolution
		AlgorithmAndFHBrokerOnly|Any CPU = AlgorithmAndFHBrokerOnly|Any CPU
		AlgorithmAndFHBrokerOnly|x64 = AlgorithmAndFHBrokerOnly|x64
		AlgorithmAndFHBrokerOnly|x86 = AlgorithmAndFHBrokerOnly|x86
		Debug|Any CPU = Debug|Any CPU
		Debug|x64 = Debug|x64
		Debug|x86 = Debug|x86
		Mono|Any CPU = Mono|Any CPU
		Mono|x64 = Mono|x64
		Mono|x86 = Mono|x86
		Release|Any CPU = Release|Any CPU
		Release|x64 = Release|x64
		Release|x86 = Release|x86
	EndGlobalSection
	GlobalSection(ProjectConfigurationPlatforms) = postSolution
		{3F2F787E-674E-436C-8E0A-EBB7075AEC92}.AlgorithmAndFHBrokerOnly|Any CPU.ActiveCfg = Release|Any CPU
		{3F2F787E-674E-436C-8E0A-EBB7075AEC92}.AlgorithmAndFHBrokerOnly|Any CPU.Build.0 = Release|Any CPU
		{3F2F787E-674E-436C-8E0A-EBB7075AEC92}.AlgorithmAndFHBrokerOnly|x64.ActiveCfg = Release|x64
		{3F2F787E-674E-436C-8E0A-EBB7075AEC92}.AlgorithmAndFHBrokerOnly|x64.Build.0 = Release|x64
		{3F2F787E-674E-436C-8E0A-EBB7075AEC92}.AlgorithmAndFHBrokerOnly|x86.ActiveCfg = Release|Any CPU
		{3F2F787E-674E-436C-8E0A-EBB7075AEC92}.AlgorithmAndFHBrokerOnly|x86.Build.0 = Release|Any CPU
		{3F2F787E-674E-436C-8E0A-EBB7075AEC92}.Debug|Any CPU.ActiveCfg = Debug|Any CPU
		{3F2F787E-674E-436C-8E0A-EBB7075AEC92}.Debug|Any CPU.Build.0 = Debug|Any CPU
		{3F2F787E-674E-436C-8E0A-EBB7075AEC92}.Debug|x64.ActiveCfg = Debug|x64
		{3F2F787E-674E-436C-8E0A-EBB7075AEC92}.Debug|x64.Build.0 = Debug|x64
		{3F2F787E-674E-436C-8E0A-EBB7075AEC92}.Debug|x86.ActiveCfg = Debug|Any CPU
		{3F2F787E-674E-436C-8E0A-EBB7075AEC92}.Debug|x86.Build.0 = Debug|Any CPU
		{3F2F787E-674E-436C-8E0A-EBB7075AEC92}.Mono|Any CPU.ActiveCfg = Release|Any CPU
		{3F2F787E-674E-436C-8E0A-EBB7075AEC92}.Mono|Any CPU.Build.0 = Release|Any CPU
		{3F2F787E-674E-436C-8E0A-EBB7075AEC92}.Mono|x64.ActiveCfg = Release|x64
		{3F2F787E-674E-436C-8E0A-EBB7075AEC92}.Mono|x64.Build.0 = Release|x64
		{3F2F787E-674E-436C-8E0A-EBB7075AEC92}.Mono|x86.ActiveCfg = Release|Any CPU
		{3F2F787E-674E-436C-8E0A-EBB7075AEC92}.Mono|x86.Build.0 = Release|Any CPU
		{3F2F787E-674E-436C-8E0A-EBB7075AEC92}.Release|Any CPU.ActiveCfg = Release|Any CPU
		{3F2F787E-674E-436C-8E0A-EBB7075AEC92}.Release|Any CPU.Build.0 = Release|Any CPU
		{3F2F787E-674E-436C-8E0A-EBB7075AEC92}.Release|x64.ActiveCfg = Release|x64
		{3F2F787E-674E-436C-8E0A-EBB7075AEC92}.Release|x64.Build.0 = Release|x64
		{3F2F787E-674E-436C-8E0A-EBB7075AEC92}.Release|x86.ActiveCfg = Release|Any CPU
		{3F2F787E-674E-436C-8E0A-EBB7075AEC92}.Release|x86.Build.0 = Release|Any CPU
		{8F88F334-66ED-46E2-8C89-51CE84993665}.AlgorithmAndFHBrokerOnly|Any CPU.ActiveCfg = Release|Any CPU
		{8F88F334-66ED-46E2-8C89-51CE84993665}.AlgorithmAndFHBrokerOnly|Any CPU.Build.0 = Release|Any CPU
		{8F88F334-66ED-46E2-8C89-51CE84993665}.AlgorithmAndFHBrokerOnly|x64.ActiveCfg = Release|Any CPU
		{8F88F334-66ED-46E2-8C89-51CE84993665}.AlgorithmAndFHBrokerOnly|x64.Build.0 = Release|Any CPU
		{8F88F334-66ED-46E2-8C89-51CE84993665}.AlgorithmAndFHBrokerOnly|x86.ActiveCfg = Release|Any CPU
		{8F88F334-66ED-46E2-8C89-51CE84993665}.AlgorithmAndFHBrokerOnly|x86.Build.0 = Release|Any CPU
		{8F88F334-66ED-46E2-8C89-51CE84993665}.Debug|Any CPU.ActiveCfg = Debug|Any CPU
		{8F88F334-66ED-46E2-8C89-51CE84993665}.Debug|Any CPU.Build.0 = Debug|Any CPU
		{8F88F334-66ED-46E2-8C89-51CE84993665}.Debug|x64.ActiveCfg = Debug|Any CPU
		{8F88F334-66ED-46E2-8C89-51CE84993665}.Debug|x64.Build.0 = Debug|Any CPU
		{8F88F334-66ED-46E2-8C89-51CE84993665}.Debug|x86.ActiveCfg = Debug|Any CPU
		{8F88F334-66ED-46E2-8C89-51CE84993665}.Debug|x86.Build.0 = Debug|Any CPU
		{8F88F334-66ED-46E2-8C89-51CE84993665}.Mono|Any CPU.ActiveCfg = Release|Any CPU
		{8F88F334-66ED-46E2-8C89-51CE84993665}.Mono|Any CPU.Build.0 = Release|Any CPU
		{8F88F334-66ED-46E2-8C89-51CE84993665}.Mono|x64.ActiveCfg = Release|Any CPU
		{8F88F334-66ED-46E2-8C89-51CE84993665}.Mono|x64.Build.0 = Release|Any CPU
		{8F88F334-66ED-46E2-8C89-51CE84993665}.Mono|x86.ActiveCfg = Release|Any CPU
		{8F88F334-66ED-46E2-8C89-51CE84993665}.Mono|x86.Build.0 = Release|Any CPU
		{8F88F334-66ED-46E2-8C89-51CE84993665}.Release|Any CPU.ActiveCfg = Release|Any CPU
		{8F88F334-66ED-46E2-8C89-51CE84993665}.Release|Any CPU.Build.0 = Release|Any CPU
		{8F88F334-66ED-46E2-8C89-51CE84993665}.Release|x64.ActiveCfg = Release|Any CPU
		{8F88F334-66ED-46E2-8C89-51CE84993665}.Release|x64.Build.0 = Release|Any CPU
		{8F88F334-66ED-46E2-8C89-51CE84993665}.Release|x86.ActiveCfg = Release|Any CPU
		{8F88F334-66ED-46E2-8C89-51CE84993665}.Release|x86.Build.0 = Release|Any CPU
		{1B671973-B44D-4125-9599-73318207C2AB}.AlgorithmAndFHBrokerOnly|Any CPU.ActiveCfg = Release|Any CPU
		{1B671973-B44D-4125-9599-73318207C2AB}.AlgorithmAndFHBrokerOnly|Any CPU.Build.0 = Release|Any CPU
		{1B671973-B44D-4125-9599-73318207C2AB}.AlgorithmAndFHBrokerOnly|x64.ActiveCfg = Release|Any CPU
		{1B671973-B44D-4125-9599-73318207C2AB}.AlgorithmAndFHBrokerOnly|x64.Build.0 = Release|Any CPU
		{1B671973-B44D-4125-9599-73318207C2AB}.AlgorithmAndFHBrokerOnly|x86.ActiveCfg = Release|Any CPU
		{1B671973-B44D-4125-9599-73318207C2AB}.AlgorithmAndFHBrokerOnly|x86.Build.0 = Release|Any CPU
		{1B671973-B44D-4125-9599-73318207C2AB}.Debug|Any CPU.ActiveCfg = Debug|Any CPU
		{1B671973-B44D-4125-9599-73318207C2AB}.Debug|Any CPU.Build.0 = Debug|Any CPU
		{1B671973-B44D-4125-9599-73318207C2AB}.Debug|x64.ActiveCfg = Debug|Any CPU
		{1B671973-B44D-4125-9599-73318207C2AB}.Debug|x64.Build.0 = Debug|Any CPU
		{1B671973-B44D-4125-9599-73318207C2AB}.Debug|x86.ActiveCfg = Debug|Any CPU
		{1B671973-B44D-4125-9599-73318207C2AB}.Debug|x86.Build.0 = Debug|Any CPU
		{1B671973-B44D-4125-9599-73318207C2AB}.Mono|Any CPU.ActiveCfg = Release|Any CPU
		{1B671973-B44D-4125-9599-73318207C2AB}.Mono|Any CPU.Build.0 = Release|Any CPU
		{1B671973-B44D-4125-9599-73318207C2AB}.Mono|x64.ActiveCfg = Release|Any CPU
		{1B671973-B44D-4125-9599-73318207C2AB}.Mono|x64.Build.0 = Release|Any CPU
		{1B671973-B44D-4125-9599-73318207C2AB}.Mono|x86.ActiveCfg = Release|Any CPU
		{1B671973-B44D-4125-9599-73318207C2AB}.Mono|x86.Build.0 = Release|Any CPU
		{1B671973-B44D-4125-9599-73318207C2AB}.Release|Any CPU.ActiveCfg = Release|Any CPU
		{1B671973-B44D-4125-9599-73318207C2AB}.Release|Any CPU.Build.0 = Release|Any CPU
		{1B671973-B44D-4125-9599-73318207C2AB}.Release|x64.ActiveCfg = Release|Any CPU
		{1B671973-B44D-4125-9599-73318207C2AB}.Release|x64.Build.0 = Release|Any CPU
		{1B671973-B44D-4125-9599-73318207C2AB}.Release|x86.ActiveCfg = Release|Any CPU
		{1B671973-B44D-4125-9599-73318207C2AB}.Release|x86.Build.0 = Release|Any CPU
		{5DA1F8DE-ECE5-4901-873E-BCC7985714F0}.AlgorithmAndFHBrokerOnly|Any CPU.ActiveCfg = Release|Any CPU
		{5DA1F8DE-ECE5-4901-873E-BCC7985714F0}.AlgorithmAndFHBrokerOnly|Any CPU.Build.0 = Release|Any CPU
		{5DA1F8DE-ECE5-4901-873E-BCC7985714F0}.AlgorithmAndFHBrokerOnly|x64.ActiveCfg = Release|Any CPU
		{5DA1F8DE-ECE5-4901-873E-BCC7985714F0}.AlgorithmAndFHBrokerOnly|x64.Build.0 = Release|Any CPU
		{5DA1F8DE-ECE5-4901-873E-BCC7985714F0}.AlgorithmAndFHBrokerOnly|x86.ActiveCfg = Release|Any CPU
		{5DA1F8DE-ECE5-4901-873E-BCC7985714F0}.AlgorithmAndFHBrokerOnly|x86.Build.0 = Release|Any CPU
		{5DA1F8DE-ECE5-4901-873E-BCC7985714F0}.Debug|Any CPU.ActiveCfg = Debug|Any CPU
		{5DA1F8DE-ECE5-4901-873E-BCC7985714F0}.Debug|Any CPU.Build.0 = Debug|Any CPU
		{5DA1F8DE-ECE5-4901-873E-BCC7985714F0}.Debug|x64.ActiveCfg = Debug|Any CPU
		{5DA1F8DE-ECE5-4901-873E-BCC7985714F0}.Debug|x64.Build.0 = Debug|Any CPU
		{5DA1F8DE-ECE5-4901-873E-BCC7985714F0}.Debug|x86.ActiveCfg = Debug|Any CPU
		{5DA1F8DE-ECE5-4901-873E-BCC7985714F0}.Debug|x86.Build.0 = Debug|Any CPU
		{5DA1F8DE-ECE5-4901-873E-BCC7985714F0}.Mono|Any CPU.ActiveCfg = Release|Any CPU
		{5DA1F8DE-ECE5-4901-873E-BCC7985714F0}.Mono|Any CPU.Build.0 = Release|Any CPU
		{5DA1F8DE-ECE5-4901-873E-BCC7985714F0}.Mono|x64.ActiveCfg = Release|Any CPU
		{5DA1F8DE-ECE5-4901-873E-BCC7985714F0}.Mono|x64.Build.0 = Release|Any CPU
		{5DA1F8DE-ECE5-4901-873E-BCC7985714F0}.Mono|x86.ActiveCfg = Release|Any CPU
		{5DA1F8DE-ECE5-4901-873E-BCC7985714F0}.Mono|x86.Build.0 = Release|Any CPU
		{5DA1F8DE-ECE5-4901-873E-BCC7985714F0}.Release|Any CPU.ActiveCfg = Release|Any CPU
		{5DA1F8DE-ECE5-4901-873E-BCC7985714F0}.Release|Any CPU.Build.0 = Release|Any CPU
		{5DA1F8DE-ECE5-4901-873E-BCC7985714F0}.Release|x64.ActiveCfg = Release|Any CPU
		{5DA1F8DE-ECE5-4901-873E-BCC7985714F0}.Release|x64.Build.0 = Release|Any CPU
		{5DA1F8DE-ECE5-4901-873E-BCC7985714F0}.Release|x86.ActiveCfg = Release|Any CPU
		{5DA1F8DE-ECE5-4901-873E-BCC7985714F0}.Release|x86.Build.0 = Release|Any CPU
		{2545C0B4-FABB-49C9-8DD1-9AD7EE23F86B}.AlgorithmAndFHBrokerOnly|Any CPU.ActiveCfg = AlgorithmAndFHBrokerOnly|Any CPU
		{2545C0B4-FABB-49C9-8DD1-9AD7EE23F86B}.AlgorithmAndFHBrokerOnly|Any CPU.Build.0 = AlgorithmAndFHBrokerOnly|Any CPU
		{2545C0B4-FABB-49C9-8DD1-9AD7EE23F86B}.AlgorithmAndFHBrokerOnly|x64.ActiveCfg = AlgorithmAndFHBrokerOnly|x64
		{2545C0B4-FABB-49C9-8DD1-9AD7EE23F86B}.AlgorithmAndFHBrokerOnly|x64.Build.0 = AlgorithmAndFHBrokerOnly|x64
		{2545C0B4-FABB-49C9-8DD1-9AD7EE23F86B}.AlgorithmAndFHBrokerOnly|x86.ActiveCfg = AlgorithmAndFHBrokerOnly|Any CPU
		{2545C0B4-FABB-49C9-8DD1-9AD7EE23F86B}.AlgorithmAndFHBrokerOnly|x86.Build.0 = AlgorithmAndFHBrokerOnly|Any CPU
		{2545C0B4-FABB-49C9-8DD1-9AD7EE23F86B}.Debug|Any CPU.ActiveCfg = Debug|Any CPU
		{2545C0B4-FABB-49C9-8DD1-9AD7EE23F86B}.Debug|Any CPU.Build.0 = Debug|Any CPU
		{2545C0B4-FABB-49C9-8DD1-9AD7EE23F86B}.Debug|x64.ActiveCfg = Debug|x64
		{2545C0B4-FABB-49C9-8DD1-9AD7EE23F86B}.Debug|x64.Build.0 = Debug|x64
		{2545C0B4-FABB-49C9-8DD1-9AD7EE23F86B}.Debug|x86.ActiveCfg = Debug|Any CPU
		{2545C0B4-FABB-49C9-8DD1-9AD7EE23F86B}.Debug|x86.Build.0 = Debug|Any CPU
		{2545C0B4-FABB-49C9-8DD1-9AD7EE23F86B}.Mono|Any CPU.ActiveCfg = Mono|Any CPU
		{2545C0B4-FABB-49C9-8DD1-9AD7EE23F86B}.Mono|Any CPU.Build.0 = Mono|Any CPU
		{2545C0B4-FABB-49C9-8DD1-9AD7EE23F86B}.Mono|x64.ActiveCfg = Mono|x64
		{2545C0B4-FABB-49C9-8DD1-9AD7EE23F86B}.Mono|x64.Build.0 = Mono|x64
		{2545C0B4-FABB-49C9-8DD1-9AD7EE23F86B}.Mono|x86.ActiveCfg = Mono|Any CPU
		{2545C0B4-FABB-49C9-8DD1-9AD7EE23F86B}.Mono|x86.Build.0 = Mono|Any CPU
		{2545C0B4-FABB-49C9-8DD1-9AD7EE23F86B}.Release|Any CPU.ActiveCfg = Release|Any CPU
		{2545C0B4-FABB-49C9-8DD1-9AD7EE23F86B}.Release|Any CPU.Build.0 = Release|Any CPU
		{2545C0B4-FABB-49C9-8DD1-9AD7EE23F86B}.Release|x64.ActiveCfg = Release|x64
		{2545C0B4-FABB-49C9-8DD1-9AD7EE23F86B}.Release|x64.Build.0 = Release|x64
		{2545C0B4-FABB-49C9-8DD1-9AD7EE23F86B}.Release|x86.ActiveCfg = Release|Any CPU
		{2545C0B4-FABB-49C9-8DD1-9AD7EE23F86B}.Release|x86.Build.0 = Release|Any CPU
		{12156F46-D07E-4E3D-AD2B-7409E82AB62F}.AlgorithmAndFHBrokerOnly|Any CPU.ActiveCfg = AlgorithmAndFHBrokerOnly|Any CPU
		{12156F46-D07E-4E3D-AD2B-7409E82AB62F}.AlgorithmAndFHBrokerOnly|Any CPU.Build.0 = AlgorithmAndFHBrokerOnly|Any CPU
		{12156F46-D07E-4E3D-AD2B-7409E82AB62F}.AlgorithmAndFHBrokerOnly|x64.ActiveCfg = AlgorithmAndFHBrokerOnly|x64
		{12156F46-D07E-4E3D-AD2B-7409E82AB62F}.AlgorithmAndFHBrokerOnly|x64.Build.0 = AlgorithmAndFHBrokerOnly|x64
		{12156F46-D07E-4E3D-AD2B-7409E82AB62F}.AlgorithmAndFHBrokerOnly|x86.ActiveCfg = AlgorithmAndFHBrokerOnly|x86
		{12156F46-D07E-4E3D-AD2B-7409E82AB62F}.AlgorithmAndFHBrokerOnly|x86.Build.0 = AlgorithmAndFHBrokerOnly|x86
		{12156F46-D07E-4E3D-AD2B-7409E82AB62F}.Debug|Any CPU.ActiveCfg = Debug|Any CPU
		{12156F46-D07E-4E3D-AD2B-7409E82AB62F}.Debug|Any CPU.Build.0 = Debug|Any CPU
		{12156F46-D07E-4E3D-AD2B-7409E82AB62F}.Debug|x64.ActiveCfg = Debug|x64
		{12156F46-D07E-4E3D-AD2B-7409E82AB62F}.Debug|x64.Build.0 = Debug|x64
		{12156F46-D07E-4E3D-AD2B-7409E82AB62F}.Debug|x86.ActiveCfg = Debug|x86
		{12156F46-D07E-4E3D-AD2B-7409E82AB62F}.Debug|x86.Build.0 = Debug|x86
		{12156F46-D07E-4E3D-AD2B-7409E82AB62F}.Mono|Any CPU.ActiveCfg = Debug|Any CPU
		{12156F46-D07E-4E3D-AD2B-7409E82AB62F}.Mono|Any CPU.Build.0 = Debug|Any CPU
		{12156F46-D07E-4E3D-AD2B-7409E82AB62F}.Mono|x64.ActiveCfg = Debug|x64
		{12156F46-D07E-4E3D-AD2B-7409E82AB62F}.Mono|x64.Build.0 = Debug|x64
		{12156F46-D07E-4E3D-AD2B-7409E82AB62F}.Mono|x86.ActiveCfg = Debug|x86
		{12156F46-D07E-4E3D-AD2B-7409E82AB62F}.Mono|x86.Build.0 = Debug|x86
		{12156F46-D07E-4E3D-AD2B-7409E82AB62F}.Release|Any CPU.ActiveCfg = Release|Any CPU
		{12156F46-D07E-4E3D-AD2B-7409E82AB62F}.Release|Any CPU.Build.0 = Release|Any CPU
		{12156F46-D07E-4E3D-AD2B-7409E82AB62F}.Release|x64.ActiveCfg = Release|x64
		{12156F46-D07E-4E3D-AD2B-7409E82AB62F}.Release|x64.Build.0 = Release|x64
		{12156F46-D07E-4E3D-AD2B-7409E82AB62F}.Release|x86.ActiveCfg = Release|x86
		{12156F46-D07E-4E3D-AD2B-7409E82AB62F}.Release|x86.Build.0 = Release|x86
		{8B908655-1868-47D5-A527-16712F8DCC90}.AlgorithmAndFHBrokerOnly|Any CPU.ActiveCfg = Debug|Any CPU
		{8B908655-1868-47D5-A527-16712F8DCC90}.AlgorithmAndFHBrokerOnly|Any CPU.Build.0 = Debug|Any CPU
		{8B908655-1868-47D5-A527-16712F8DCC90}.AlgorithmAndFHBrokerOnly|x64.ActiveCfg = Debug|Any CPU
		{8B908655-1868-47D5-A527-16712F8DCC90}.AlgorithmAndFHBrokerOnly|x64.Build.0 = Debug|Any CPU
		{8B908655-1868-47D5-A527-16712F8DCC90}.AlgorithmAndFHBrokerOnly|x86.ActiveCfg = Debug|Any CPU
		{8B908655-1868-47D5-A527-16712F8DCC90}.AlgorithmAndFHBrokerOnly|x86.Build.0 = Debug|Any CPU
		{8B908655-1868-47D5-A527-16712F8DCC90}.Debug|Any CPU.ActiveCfg = Debug|Any CPU
		{8B908655-1868-47D5-A527-16712F8DCC90}.Debug|Any CPU.Build.0 = Debug|Any CPU
		{8B908655-1868-47D5-A527-16712F8DCC90}.Debug|x64.ActiveCfg = Debug|Any CPU
		{8B908655-1868-47D5-A527-16712F8DCC90}.Debug|x64.Build.0 = Debug|Any CPU
		{8B908655-1868-47D5-A527-16712F8DCC90}.Debug|x86.ActiveCfg = Debug|Any CPU
		{8B908655-1868-47D5-A527-16712F8DCC90}.Debug|x86.Build.0 = Debug|Any CPU
		{8B908655-1868-47D5-A527-16712F8DCC90}.Mono|Any CPU.ActiveCfg = Debug|Any CPU
		{8B908655-1868-47D5-A527-16712F8DCC90}.Mono|Any CPU.Build.0 = Debug|Any CPU
		{8B908655-1868-47D5-A527-16712F8DCC90}.Mono|x64.ActiveCfg = Debug|Any CPU
		{8B908655-1868-47D5-A527-16712F8DCC90}.Mono|x64.Build.0 = Debug|Any CPU
		{8B908655-1868-47D5-A527-16712F8DCC90}.Mono|x86.ActiveCfg = Debug|Any CPU
		{8B908655-1868-47D5-A527-16712F8DCC90}.Mono|x86.Build.0 = Debug|Any CPU
		{8B908655-1868-47D5-A527-16712F8DCC90}.Release|Any CPU.ActiveCfg = Release|Any CPU
		{8B908655-1868-47D5-A527-16712F8DCC90}.Release|Any CPU.Build.0 = Release|Any CPU
		{8B908655-1868-47D5-A527-16712F8DCC90}.Release|x64.ActiveCfg = Release|Any CPU
		{8B908655-1868-47D5-A527-16712F8DCC90}.Release|x64.Build.0 = Release|Any CPU
		{8B908655-1868-47D5-A527-16712F8DCC90}.Release|x86.ActiveCfg = Release|Any CPU
		{8B908655-1868-47D5-A527-16712F8DCC90}.Release|x86.Build.0 = Release|Any CPU
	EndGlobalSection
	GlobalSection(SolutionProperties) = preSolution
		HideSolutionNode = FALSE
	EndGlobalSection
	GlobalSection(ExtensibilityGlobals) = postSolution
		SolutionGuid = {C4A71DF5-B29C-4001-82D2-0D14C16A389C}
	EndGlobalSection
EndGlobal
